
Microsoft Visual Studio Solution File, Format Version 12.00
# Visual Studio Version 17
VisualStudioVersion = 17.8.34330.188
MinimumVisualStudioVersion = 10.0.40219.1
Project("{FAE04EC0-301F-11D3-BF4B-00C04F79EFBC}") = "WpfApp1", "WpfApp1\WpfApp1.csproj", "{2D4A1696-18D1-4D7D-8C76-95CACA3099C9}"
EndProject
Global
	GlobalSection(SolutionConfigurationPlatforms) = preSolution
		Debug|Any CPU = Debug|Any CPU
		Release|Any CPU = Release|Any CPU
	EndGlobalSection
	GlobalSection(ProjectConfigurationPlatforms) = postSolution
		{2D4A1696-18D1-4D7D-8C76-95CACA3099C9}.Debug|Any CPU.ActiveCfg = Debug|Any CPU
		{2D4A1696-18D1-4D7D-8C76-95CACA3099C9}.Debug|Any CPU.Build.0 = Debug|Any CPU
		{2D4A1696-18D1-4D7D-8C76-95CACA3099C9}.Release|Any CPU.ActiveCfg = Release|Any CPU
		{2D4A1696-18D1-4D7D-8C76-95CACA3099C9}.Release|Any CPU.Build.0 = Release|Any CPU
	EndGlobalSection
	GlobalSection(SolutionProperties) = preSolution
		HideSolutionNode = FALSE
	EndGlobalSection
	GlobalSection(ExtensibilityGlobals) = postSolution
		SolutionGuid = {C12F8D35-C986-4B77-954A-8417CDB597C8}
	EndGlobalSection
EndGlobal
